
Microsoft Visual Studio Solution File, Format Version 12.00
Project("{FAE04EC0-301F-11D3-BF4B-00C04F79EFBC}") = "LoggingWithDI", "LoggingWithDI\LoggingWithDI.csproj", "{DBAF6A74-F97C-4955-8E99-FF324D15D961}"
EndProject
Global
	GlobalSection(SolutionConfigurationPlatforms) = preSolution
		Debug|Any CPU = Debug|Any CPU
		Release|Any CPU = Release|Any CPU
	EndGlobalSection
	GlobalSection(ProjectConfigurationPlatforms) = postSolution
		{DBAF6A74-F97C-4955-8E99-FF324D15D961}.Debug|Any CPU.ActiveCfg = Debug|Any CPU
		{DBAF6A74-F97C-4955-8E99-FF324D15D961}.Debug|Any CPU.Build.0 = Debug|Any CPU
		{DBAF6A74-F97C-4955-8E99-FF324D15D961}.Release|Any CPU.ActiveCfg = Release|Any CPU
		{DBAF6A74-F97C-4955-8E99-FF324D15D961}.Release|Any CPU.Build.0 = Release|Any CPU
	EndGlobalSection
EndGlobal
